{
  "nodes": {
    "flake-compat": {
      "flake": false,
      "locked": {
        "lastModified": 1777699697,
        "narHash": "sha256-Eg9b/rq/ECYwNwEXs5i9wHyhxNI0JrYx2srdI2uZMaQ=",
        "ref": "refs/heads/main",
        "rev": "382052b74656a369c5408822af3f2501e9b1af81",
        "revCount": 94,
        "type": "git",
        "url": "https://git.lix.systems/lix-project/flake-compat.git"
      },
      "original": {
        "type": "git",
        "url": "https://git.lix.systems/lix-project/flake-compat.git"
      }
    },
    "home-manager": {
      "inputs": {
        "nixpkgs": [
          "nixpkgs"
        ]
      },
      "locked": {
        "lastModified": 1791642191,
        "narHash": "sha256-0bK0A59rVUn1SRZzo4cNi4VSqAe7vR1gL2/MZl53Frw=",
        "owner": "nix-community",
        "repo": "home-manager",
        "rev": "c58f54c733a7894d84fa2fdff26cc12088c4b78c",
        "type": "github"
      },
      "original": {
        "owner": "nix-community",
        "repo": "home-manager",
        "type": "github"
      }
    },
    "mnw": {
      "locked": {
        "lastModified": 1784154424,
        "narHash": "sha256-HRn4O1X2ShYtbq5Egji72/aemyc2cIQicjRZD9hBqM8=",
        "owner": "Gerg-L",
        "repo": "mnw",
        "rev": "0151d9fa87992cbeb67c86616fb9170dcec830b6",
        "type": "github"
      },
      "original": {
        "owner": "Gerg-L",
        "repo": "mnw",
        "type": "github"
      }
    },
    "nix-vscode-extensions": {
      "inputs": {
        "nixpkgs": [
          "nixpkgs"
        ]
      },
      "locked": {
        "lastModified": 1791609447,
        "narHash": "sha256-GFSVSZgub/nKJW+NfbWqkqseTVAa7FpVuxHMU5cZcVA=",
        "owner": "nix-community",
        "repo": "nix-vscode-extensions",
        "rev": "eeae7257050672052c651bbece347becb08e7011",
        "type": "github"
      },
      "original": {
        "owner": "nix-community",
        "repo": "nix-vscode-extensions",
        "type": "github"
      }
    },
    "nixpkgs": {
      "locked": {
        "lastModified": 1791594108,
        "narHash": "sha256-XK4KceonkwD8LuMAt/vNrz982mXJM5jeHAxMwsUXXAQ=",
        "owner": "nixos",
        "repo": "nixpkgs",
        "rev": "6510408d147d8c5e6d76043e899e9251756f6a75",
        "type": "github"
      },
      "original": {
        "owner": "nixos",
        "ref": "nixos-unstable",
        "repo": "nixpkgs",
        "type": "github"
      }
    },
    "nvf": {
      "inputs": {
        "flake-compat": "flake-compat",
        "mnw": "mnw",
        "nixpkgs": [
          "nixpkgs"
        ]
      },
      "locked": {
        "lastModified": 1791651540,
        "narHash": "sha256-cxmegj6Tg0xYk8A2icSl3v1+SeVDj+bESU2BnCqERPE=",
        "owner": "notashelf",
        "repo": "nvf",
        "rev": "19992540d372466340ededda0c065a3a0a962fd6",
        "type": "github"
      },
      "original": {
        "owner": "notashelf",
        "repo": "nvf",
        "type": "github"
      }
    },
    "root": {
      "inputs": {
        "home-manager": "home-manager",
        "nix-vscode-extensions": "nix-vscode-extensions",
        "nixpkgs": "nixpkgs",
        "nvf": "nvf",
        "sops-nix": "sops-nix"
      }
    },
    "sops-nix": {
      "inputs": {
        "nixpkgs": [
          "nixpkgs"
        ]
      },
      "locked": {
        "lastModified": 1791639265,
        "narHash": "sha256-51gxD0eLcJkxH2TYdhE+Qsf04yg3PRV7anCAqOFX70E=",
        "owner": "Mic92",
        "repo": "sops-nix",
        "rev": "a8be3b14935d3532604c51c8dfe3021c73d1a885",
        "type": "github"
      },
      "original": {
        "owner": "Mic92",
        "repo": "sops-nix",
        "type": "github"
      }
    }
  },
  "root": "root",
  "version": 7
}
